
Microsoft Visual Studio Solution File, Format Version 12.00
# Visual Studio Version 16
VisualStudioVersion = 16.0.30621.155
MinimumVisualStudioVersion = 10.0.40219.1
Project("{9A19103F-16F7-4668-BE54-9A1E7A4F7556}") = "Dassanie", "Dassanie\Dassanie.csproj", "{E8F54514-AF5C-4650-AFE8-7670AF5B9E2F}"
EndProject
Project("{9A19103F-16F7-4668-BE54-9A1E7A4F7556}") = "DassanieTests", "DassanieTests\DassanieTests.csproj", "{8D8D8B99-41FA-4F5B-B07E-16FA464BB6BF}"
EndProject
Project("{FAE04EC0-301F-11D3-BF4B-00C04F79EFBC}") = "TweetTimer", "TweetTimer\TweetTimer.csproj", "{8042330C-D729-490D-BBFD-90B945558964}"
EndProject
Global
	GlobalSection(SolutionConfigurationPlatforms) = preSolution
		Debug|Any CPU = Debug|Any CPU
		Release|Any CPU = Release|Any CPU
	EndGlobalSection
	GlobalSection(ProjectConfigurationPlatforms) = postSolution
		{E8F54514-AF5C-4650-AFE8-7670AF5B9E2F}.Debug|Any CPU.ActiveCfg = Debug|Any CPU
		{E8F54514-AF5C-4650-AFE8-7670AF5B9E2F}.Debug|Any CPU.Build.0 = Debug|Any CPU
		{E8F54514-AF5C-4650-AFE8-7670AF5B9E2F}.Release|Any CPU.ActiveCfg = Release|Any CPU
		{E8F54514-AF5C-4650-AFE8-7670AF5B9E2F}.Release|Any CPU.Build.0 = Release|Any CPU
		{8D8D8B99-41FA-4F5B-B07E-16FA464BB6BF}.Debug|Any CPU.ActiveCfg = Debug|Any CPU
		{8D8D8B99-41FA-4F5B-B07E-16FA464BB6BF}.Debug|Any CPU.Build.0 = Debug|Any CPU
		{8D8D8B99-41FA-4F5B-B07E-16FA464BB6BF}.Release|Any CPU.ActiveCfg = Release|Any CPU
		{8D8D8B99-41FA-4F5B-B07E-16FA464BB6BF}.Release|Any CPU.Build.0 = Release|Any CPU
		{8042330C-D729-490D-BBFD-90B945558964}.Debug|Any CPU.ActiveCfg = Debug|Any CPU
		{8042330C-D729-490D-BBFD-90B945558964}.Debug|Any CPU.Build.0 = Debug|Any CPU
		{8042330C-D729-490D-BBFD-90B945558964}.Release|Any CPU.ActiveCfg = Release|Any CPU
		{8042330C-D729-490D-BBFD-90B945558964}.Release|Any CPU.Build.0 = Release|Any CPU
	EndGlobalSection
	GlobalSection(SolutionProperties) = preSolution
		HideSolutionNode = FALSE
	EndGlobalSection
	GlobalSection(ExtensibilityGlobals) = postSolution
		SolutionGuid = {CED7D67F-9CC2-470C-BC1A-E68FE78B70DF}
	EndGlobalSection
EndGlobal
